
Microsoft Visual Studio Solution File, Format Version 12.00
# Visual Studio 14
VisualStudioVersion = 14.0.25420.1
MinimumVisualStudioVersion = 10.0.40219.1
Project("{FAE04EC0-301F-11D3-BF4B-00C04F79EFBC}") = "OvaidaPro", "OvaidaPro\OvaidaPro.csproj", "{3B5AB525-1B88-42BE-8AC4-16AD45B2BB1F}"
EndProject
Project("{FAE04EC0-301F-11D3-BF4B-00C04F79EFBC}") = "Repository", "Repository\Repository.csproj", "{B14179E0-33FE-4B3B-9BC7-6B8FAA192574}"
EndProject
Project("{FAE04EC0-301F-11D3-BF4B-00C04F79EFBC}") = "BL", "BL\BL.csproj", "{FE240837-3E74-4200-A977-815832D58A45}"
EndProject
Project("{FAE04EC0-301F-11D3-BF4B-00C04F79EFBC}") = "BO", "BO\BO.csproj", "{3198EE24-6745-413F-AF29-65530ADC8647}"
EndProject
Global
	GlobalSection(SolutionConfigurationPlatforms) = preSolution
		Debug|Any CPU = Debug|Any CPU
		Release|Any CPU = Release|Any CPU
	EndGlobalSection
	GlobalSection(ProjectConfigurationPlatforms) = postSolution
		{3B5AB525-1B88-42BE-8AC4-16AD45B2BB1F}.Debug|Any CPU.ActiveCfg = Debug|Any CPU
		{3B5AB525-1B88-42BE-8AC4-16AD45B2BB1F}.Debug|Any CPU.Build.0 = Debug|Any CPU
		{3B5AB525-1B88-42BE-8AC4-16AD45B2BB1F}.Release|Any CPU.ActiveCfg = Release|Any CPU
		{3B5AB525-1B88-42BE-8AC4-16AD45B2BB1F}.Release|Any CPU.Build.0 = Release|Any CPU
		{B14179E0-33FE-4B3B-9BC7-6B8FAA192574}.Debug|Any CPU.ActiveCfg = Debug|Any CPU
		{B14179E0-33FE-4B3B-9BC7-6B8FAA192574}.Debug|Any CPU.Build.0 = Debug|Any CPU
		{B14179E0-33FE-4B3B-9BC7-6B8FAA192574}.Release|Any CPU.ActiveCfg = Release|Any CPU
		{B14179E0-33FE-4B3B-9BC7-6B8FAA192574}.Release|Any CPU.Build.0 = Release|Any CPU
		{FE240837-3E74-4200-A977-815832D58A45}.Debug|Any CPU.ActiveCfg = Debug|Any CPU
		{FE240837-3E74-4200-A977-815832D58A45}.Debug|Any CPU.Build.0 = Debug|Any CPU
		{FE240837-3E74-4200-A977-815832D58A45}.Release|Any CPU.ActiveCfg = Release|Any CPU
		{FE240837-3E74-4200-A977-815832D58A45}.Release|Any CPU.Build.0 = Release|Any CPU
		{3198EE24-6745-413F-AF29-65530ADC8647}.Debug|Any CPU.ActiveCfg = Debug|Any CPU
		{3198EE24-6745-413F-AF29-65530ADC8647}.Debug|Any CPU.Build.0 = Debug|Any CPU
		{3198EE24-6745-413F-AF29-65530ADC8647}.Release|Any CPU.ActiveCfg = Release|Any CPU
		{3198EE24-6745-413F-AF29-65530ADC8647}.Release|Any CPU.Build.0 = Release|Any CPU
	EndGlobalSection
	GlobalSection(SolutionProperties) = preSolution
		HideSolutionNode = FALSE
	EndGlobalSection
EndGlobal
